{
  "originHash" : "dff1bf48c3f70275a0204a19ecccab88476c735dc9d004b59b66c1787ee5acb4",
  "pins" : [
    {
      "identity" : "realm-core",
      "kind" : "remoteSourceControl",
      "location" : "https://github.com/realm/realm-core.git",
      "state" : {
        "revision" : "b4192c46305570577c4d08df790fddec5ab3aa04",
        "version" : "20.1.5"
      }
    },
    {
      "identity" : "realm-swift",
      "kind" : "remoteSourceControl",
      "location" : "https://github.com/realm/realm-swift.git",
      "state" : {
        "revision" : "ca03df491ec5e4bb8af0bca1e9957d08c10ec2da",
        "version" : "20.0.5"
      }
    }
  ],
  "version" : 3
}
